<?xml version="1.0" encoding="utf-8"?>
<Project ToolsVersion="4.0" xmlns="http://schemas.microsoft.com/developer/msbuild/2003">
  <ItemGroup>
    <Filter Include="Fragment Shaders">
      <UniqueIdentifier>{5b9c3794-6170-4971-bfa1-1c337c5bd4db}</UniqueIdentifier>
      <Extensions>*.fs</Extensions>
    </Filter>
    <Filter Include="Quelltexte">
      <UniqueIdentifier>{4FC737F1-C7A5-4376-A066-2A32D752A2FF}</UniqueIdentifier>
      <Extensions>cpp;c;cc;cxx;def;odl;idl;hpj;bat;asm;asmx</Extensions>
    </Filter>
    <Filter Include="Header-Dateien">
      <UniqueIdentifier>{93995380-89BD-4b04-88EB-625FBE52EBFB}</UniqueIdentifier>
      <Extensions>h;hpp;hxx;hm;inl;inc;xsd</Extensions>
    </Filter>
  </ItemGroup>
  <ItemGroup>
    <ClCompile Include="main.cpp">
      <Filter>Quelltexte</Filter>
    </ClCompile>
    <ClCompile Include="stdafx.cpp">
      <Filter>Quelltexte</Filter>
    </ClCompile>
    <ClCompile Include="util.cpp">
      <Filter>Quelltexte</Filter>
    </ClCompile>
    <ClCompile Include="Body.cpp">
      <Filter>Quelltexte</Filter>
    </ClCompile>
    <ClCompile Include="Level.cpp">
      <Filter>Quelltexte</Filter>
    </ClCompile>
    <ClCompile Include="globals.cpp">
      <Filter>Quelltexte</Filter>
    </ClCompile>
    <ClCompile Include="Impact.cpp">
      <Filter>Quelltexte</Filter>
    </ClCompile>
    <ClCompile Include="Explosion.cpp">
      <Filter>Quelltexte</Filter>
    </ClCompile>
    <ClCompile Include="Settings.cpp">
      <Filter>Quelltexte</Filter>
    </ClCompile>
    <ClCompile Include="..\zip-utils\unzip.cpp">
      <Filter>Quelltexte</Filter>
    </ClCompile>
    <ClCompile Include="sha1.cpp">
      <Filter>Quelltexte</Filter>
    </ClCompile>
    <ClCompile Include="Ball.cpp">
      <Filter>Quelltexte</Filter>
    </ClCompile>
    <ClCompile Include="Block.cpp">
      <Filter>Quelltexte</Filter>
    </ClCompile>
    <ClCompile Include="Ground.cpp">
      <Filter>Quelltexte</Filter>
    </ClCompile>
    <ClCompile Include="Racket.cpp">
      <Filter>Quelltexte</Filter>
    </ClCompile>
    <ClCompile Include="Text.cpp">
      <Filter>Quelltexte</Filter>
    </ClCompile>
    <ClCompile Include="Wall.cpp">
      <Filter>Quelltexte</Filter>
    </ClCompile>
  </ItemGroup>
  <ItemGroup>
    <ClInclude Include="stdafx.h">
      <Filter>Header-Dateien</Filter>
    </ClInclude>
    <ClInclude Include="util.h">
      <Filter>Header-Dateien</Filter>
    </ClInclude>
    <ClInclude Include="Body.h">
      <Filter>Header-Dateien</Filter>
    </ClInclude>
    <ClInclude Include="Destructible.h">
      <Filter>Header-Dateien</Filter>
    </ClInclude>
    <ClInclude Include="Destructive.h">
      <Filter>Header-Dateien</Filter>
    </ClInclude>
    <ClInclude Include="Level.h">
      <Filter>Header-Dateien</Filter>
    </ClInclude>
    <ClInclude Include="globals.h">
      <Filter>Header-Dateien</Filter>
    </ClInclude>
    <ClInclude Include="Easings.h">
      <Filter>Header-Dateien</Filter>
    </ClInclude>
    <ClInclude Include="Impact.h">
      <Filter>Header-Dateien</Filter>
    </ClInclude>
    <ClInclude Include="TileParam.h">
      <Filter>Header-Dateien</Filter>
    </ClInclude>
    <ClInclude Include="Explosion.h">
      <Filter>Header-Dateien</Filter>
    </ClInclude>
    <ClInclude Include="Settings.h">
      <Filter>Header-Dateien</Filter>
    </ClInclude>
    <ClInclude Include="..\zip-utils\unzip.h">
      <Filter>Header-Dateien</Filter>
    </ClInclude>
    <ClInclude Include="sha1.h">
      <Filter>Header-Dateien</Filter>
    </ClInclude>
    <ClInclude Include="Timer.h">
      <Filter>Header-Dateien</Filter>
    </ClInclude>
    <ClInclude Include="resource.h">
      <Filter>Header-Dateien</Filter>
    </ClInclude>
    <ClInclude Include="Ball.h">
      <Filter>Header-Dateien</Filter>
    </ClInclude>
    <ClInclude Include="Block.h">
      <Filter>Header-Dateien</Filter>
    </ClInclude>
    <ClInclude Include="Ground.h">
      <Filter>Header-Dateien</Filter>
    </ClInclude>
    <ClInclude Include="Racket.h">
      <Filter>Header-Dateien</Filter>
    </ClInclude>
    <ClInclude Include="Text.h">
      <Filter>Header-Dateien</Filter>
    </ClInclude>
    <ClInclude Include="Wall.h">
      <Filter>Header-Dateien</Filter>
    </ClInclude>
  </ItemGroup>
  <ItemGroup>
    <None Include="resources\shaders\title.fs">
      <Filter>Fragment Shaders</Filter>
    </None>
    <None Include="..\README.md" />
    <None Include="resources\shaders\fallingblock.fs">
      <Filter>Fragment Shaders</Filter>
    </None>
    <None Include="resources\shaders\hblur.fs">
      <Filter>Fragment Shaders</Filter>
    </None>
    <None Include="resources\shaders\mix.fs">
      <Filter>Fragment Shaders</Filter>
    </None>
    <None Include="resources\shaders\softparticlesystem.fs">
      <Filter>Fragment Shaders</Filter>
    </None>
    <None Include="resources\shaders\vblur.fs">
      <Filter>Fragment Shaders</Filter>
    </None>
    <None Include="resources\shaders\fade.fs">
      <Filter>Fragment Shaders</Filter>
    </None>
    <None Include="resources\shaders\aberration.fs">
      <Filter>Fragment Shaders</Filter>
    </None>
    <None Include="resources\shaders\earthquake.fs">
      <Filter>Fragment Shaders</Filter>
    </None>
    <None Include="resources\shaders\explosion.fs">
      <Filter>Fragment Shaders</Filter>
    </None>
    <None Include="packages.config" />
    <None Include="LICENSE.md" />
    <None Include="TODO.md" />
    <None Include="resources\shaders\toon.fs">
      <Filter>Fragment Shaders</Filter>
    </None>
    <None Include="resources\shaders\keyhole.fs">
      <Filter>Fragment Shaders</Filter>
    </None>
    <None Include="resources\shaders\vignette.fs">
      <Filter>Fragment Shaders</Filter>
    </None>
    <None Include="resources\shaders\overlay.fs">
      <Filter>Fragment Shaders</Filter>
    </None>
    <None Include="..\deploy\Impact.nsi" />
    <None Include="resources\shaders\motionblur.fs">
      <Filter>Fragment Shaders</Filter>
    </None>
  </ItemGroup>
  <ItemGroup>
    <Xml Include="settings.xml" />
  </ItemGroup>
  <ItemGroup>
    <ResourceCompile Include="Impact.rc" />
  </ItemGroup>
  <ItemGroup>
    <Image Include="exe-icon.ico" />
  </ItemGroup>
</Project>